
Microsoft Visual Studio Solution File, Format Version 12.00
# Visual Studio 15
VisualStudioVersion = 15.0.33529.398
MinimumVisualStudioVersion = 10.0.40219.1
Project("{FAE04EC0-301F-11D3-BF4B-00C04F79EFBC}") = "Arrays-TasksInLesson", "Arrays-TasksInLesson\Arrays-TasksInLesson.csproj", "{58495977-FE45-4297-BDCD-8CC34ED36995}"
EndProject
Project("{FAE04EC0-301F-11D3-BF4B-00C04F79EFBC}") = "Homework-1", "Homework-1\Homework-1.csproj", "{14FE5D59-757D-489D-B226-E3F9A6B35474}"
EndProject
Project("{FAE04EC0-301F-11D3-BF4B-00C04F79EFBC}") = "Homework-2", "Homework-2\Homework-2.csproj", "{D519D4BF-C60B-4732-991F-419B7012D877}"
EndProject
Project("{FAE04EC0-301F-11D3-BF4B-00C04F79EFBC}") = "Homework-3", "Homework-3\Homework-3.csproj", "{D3CEEA63-EEE0-4FD1-A9B3-C806A1C11C11}"
EndProject
Project("{FAE04EC0-301F-11D3-BF4B-00C04F79EFBC}") = "Homework4", "Homework4\Homework4.csproj", "{8F6B5D83-1907-4878-9D53-1AC6FB3BDEAE}"
EndProject
Global
	GlobalSection(SolutionConfigurationPlatforms) = preSolution
		Debug|Any CPU = Debug|Any CPU
		Release|Any CPU = Release|Any CPU
	EndGlobalSection
	GlobalSection(ProjectConfigurationPlatforms) = postSolution
		{58495977-FE45-4297-BDCD-8CC34ED36995}.Debug|Any CPU.ActiveCfg = Debug|Any CPU
		{58495977-FE45-4297-BDCD-8CC34ED36995}.Debug|Any CPU.Build.0 = Debug|Any CPU
		{58495977-FE45-4297-BDCD-8CC34ED36995}.Release|Any CPU.ActiveCfg = Release|Any CPU
		{58495977-FE45-4297-BDCD-8CC34ED36995}.Release|Any CPU.Build.0 = Release|Any CPU
		{14FE5D59-757D-489D-B226-E3F9A6B35474}.Debug|Any CPU.ActiveCfg = Debug|Any CPU
		{14FE5D59-757D-489D-B226-E3F9A6B35474}.Debug|Any CPU.Build.0 = Debug|Any CPU
		{14FE5D59-757D-489D-B226-E3F9A6B35474}.Release|Any CPU.ActiveCfg = Release|Any CPU
		{14FE5D59-757D-489D-B226-E3F9A6B35474}.Release|Any CPU.Build.0 = Release|Any CPU
		{D519D4BF-C60B-4732-991F-419B7012D877}.Debug|Any CPU.ActiveCfg = Debug|Any CPU
		{D519D4BF-C60B-4732-991F-419B7012D877}.Debug|Any CPU.Build.0 = Debug|Any CPU
		{D519D4BF-C60B-4732-991F-419B7012D877}.Release|Any CPU.ActiveCfg = Release|Any CPU
		{D519D4BF-C60B-4732-991F-419B7012D877}.Release|Any CPU.Build.0 = Release|Any CPU
		{D3CEEA63-EEE0-4FD1-A9B3-C806A1C11C11}.Debug|Any CPU.ActiveCfg = Debug|Any CPU
		{D3CEEA63-EEE0-4FD1-A9B3-C806A1C11C11}.Debug|Any CPU.Build.0 = Debug|Any CPU
		{D3CEEA63-EEE0-4FD1-A9B3-C806A1C11C11}.Release|Any CPU.ActiveCfg = Release|Any CPU
		{D3CEEA63-EEE0-4FD1-A9B3-C806A1C11C11}.Release|Any CPU.Build.0 = Release|Any CPU
		{8F6B5D83-1907-4878-9D53-1AC6FB3BDEAE}.Debug|Any CPU.ActiveCfg = Debug|Any CPU
		{8F6B5D83-1907-4878-9D53-1AC6FB3BDEAE}.Debug|Any CPU.Build.0 = Debug|Any CPU
		{8F6B5D83-1907-4878-9D53-1AC6FB3BDEAE}.Release|Any CPU.ActiveCfg = Release|Any CPU
		{8F6B5D83-1907-4878-9D53-1AC6FB3BDEAE}.Release|Any CPU.Build.0 = Release|Any CPU
	EndGlobalSection
	GlobalSection(SolutionProperties) = preSolution
		HideSolutionNode = FALSE
	EndGlobalSection
	GlobalSection(ExtensibilityGlobals) = postSolution
		SolutionGuid = {7121C170-B33D-4F0A-AA03-C9DC6D35F7A3}
	EndGlobalSection
EndGlobal
