
Microsoft Visual Studio Solution File, Format Version 12.00
# Visual Studio 15
VisualStudioVersion = 15.0.33529.398
MinimumVisualStudioVersion = 10.0.40219.1
Project("{FAE04EC0-301F-11D3-BF4B-00C04F79EFBC}") = "Loops-TaskInLesson-1", "Loops-TaskInLesson-1\Loops-TaskInLesson-1.csproj", "{9BEEE06F-742C-482D-88AC-2F56B6E298F5}"
EndProject
Global
	GlobalSection(SolutionConfigurationPlatforms) = preSolution
		Debug|Any CPU = Debug|Any CPU
		Release|Any CPU = Release|Any CPU
	EndGlobalSection
	GlobalSection(ProjectConfigurationPlatforms) = postSolution
		{9BEEE06F-742C-482D-88AC-2F56B6E298F5}.Debug|Any CPU.ActiveCfg = Debug|Any CPU
		{9BEEE06F-742C-482D-88AC-2F56B6E298F5}.Debug|Any CPU.Build.0 = Debug|Any CPU
		{9BEEE06F-742C-482D-88AC-2F56B6E298F5}.Release|Any CPU.ActiveCfg = Release|Any CPU
		{9BEEE06F-742C-482D-88AC-2F56B6E298F5}.Release|Any CPU.Build.0 = Release|Any CPU
	EndGlobalSection
	GlobalSection(SolutionProperties) = preSolution
		HideSolutionNode = FALSE
	EndGlobalSection
	GlobalSection(ExtensibilityGlobals) = postSolution
		SolutionGuid = {BC23DF68-CC60-4AA9-A7F1-ED3ED9DD421C}
	EndGlobalSection
EndGlobal
