
Microsoft Visual Studio Solution File, Format Version 12.00
# Visual Studio 15
VisualStudioVersion = 15.0.33529.398
MinimumVisualStudioVersion = 10.0.40219.1
Project("{FAE04EC0-301F-11D3-BF4B-00C04F79EFBC}") = "MemoryGame", "MemoryGame\MemoryGame.csproj", "{C7F0DE26-C6B8-4F6D-AD5F-FB13663067BC}"
EndProject
Global
	GlobalSection(SolutionConfigurationPlatforms) = preSolution
		Debug|Any CPU = Debug|Any CPU
		Release|Any CPU = Release|Any CPU
	EndGlobalSection
	GlobalSection(ProjectConfigurationPlatforms) = postSolution
		{C7F0DE26-C6B8-4F6D-AD5F-FB13663067BC}.Debug|Any CPU.ActiveCfg = Debug|Any CPU
		{C7F0DE26-C6B8-4F6D-AD5F-FB13663067BC}.Debug|Any CPU.Build.0 = Debug|Any CPU
		{C7F0DE26-C6B8-4F6D-AD5F-FB13663067BC}.Release|Any CPU.ActiveCfg = Release|Any CPU
		{C7F0DE26-C6B8-4F6D-AD5F-FB13663067BC}.Release|Any CPU.Build.0 = Release|Any CPU
	EndGlobalSection
	GlobalSection(SolutionProperties) = preSolution
		HideSolutionNode = FALSE
	EndGlobalSection
	GlobalSection(ExtensibilityGlobals) = postSolution
		SolutionGuid = {F5F93C6C-07FD-41F9-BCEF-E8009503510C}
	EndGlobalSection
EndGlobal
