
Microsoft Visual Studio Solution File, Format Version 12.00
# Visual Studio 15
VisualStudioVersion = 15.0.33529.398
MinimumVisualStudioVersion = 10.0.40219.1
Project("{FAE04EC0-301F-11D3-BF4B-00C04F79EFBC}") = "HomeWork3", "HomeWork3\HomeWork3.csproj", "{77AD2DE0-30F0-415F-AABB-3C9FB0F9C00C}"
EndProject
Global
	GlobalSection(SolutionConfigurationPlatforms) = preSolution
		Debug|Any CPU = Debug|Any CPU
		Release|Any CPU = Release|Any CPU
	EndGlobalSection
	GlobalSection(ProjectConfigurationPlatforms) = postSolution
		{77AD2DE0-30F0-415F-AABB-3C9FB0F9C00C}.Debug|Any CPU.ActiveCfg = Debug|Any CPU
		{77AD2DE0-30F0-415F-AABB-3C9FB0F9C00C}.Debug|Any CPU.Build.0 = Debug|Any CPU
		{77AD2DE0-30F0-415F-AABB-3C9FB0F9C00C}.Release|Any CPU.ActiveCfg = Release|Any CPU
		{77AD2DE0-30F0-415F-AABB-3C9FB0F9C00C}.Release|Any CPU.Build.0 = Release|Any CPU
	EndGlobalSection
	GlobalSection(SolutionProperties) = preSolution
		HideSolutionNode = FALSE
	EndGlobalSection
	GlobalSection(ExtensibilityGlobals) = postSolution
		SolutionGuid = {B44341EE-5095-4465-B16B-3FF958C1E453}
	EndGlobalSection
EndGlobal
