
Microsoft Visual Studio Solution File, Format Version 12.00
# Visual Studio 15
VisualStudioVersion = 15.0.33529.398
MinimumVisualStudioVersion = 10.0.40219.1
Project("{FAE04EC0-301F-11D3-BF4B-00C04F79EFBC}") = "Homework_Aprel21", "Homework_Aprel21\Homework_Aprel21.csproj", "{BF60FCF7-3937-48B1-BB20-3DB316945B41}"
EndProject
Global
	GlobalSection(SolutionConfigurationPlatforms) = preSolution
		Debug|Any CPU = Debug|Any CPU
		Release|Any CPU = Release|Any CPU
	EndGlobalSection
	GlobalSection(ProjectConfigurationPlatforms) = postSolution
		{BF60FCF7-3937-48B1-BB20-3DB316945B41}.Debug|Any CPU.ActiveCfg = Debug|Any CPU
		{BF60FCF7-3937-48B1-BB20-3DB316945B41}.Debug|Any CPU.Build.0 = Debug|Any CPU
		{BF60FCF7-3937-48B1-BB20-3DB316945B41}.Release|Any CPU.ActiveCfg = Release|Any CPU
		{BF60FCF7-3937-48B1-BB20-3DB316945B41}.Release|Any CPU.Build.0 = Release|Any CPU
	EndGlobalSection
	GlobalSection(SolutionProperties) = preSolution
		HideSolutionNode = FALSE
	EndGlobalSection
	GlobalSection(ExtensibilityGlobals) = postSolution
		SolutionGuid = {51E6DF1F-40C5-4EB2-990E-89CE830CE348}
	EndGlobalSection
EndGlobal
