
Microsoft Visual Studio Solution File, Format Version 12.00
# Visual Studio 15
VisualStudioVersion = 15.0.33529.398
MinimumVisualStudioVersion = 10.0.40219.1
Project("{FAE04EC0-301F-11D3-BF4B-00C04F79EFBC}") = "GenericCollections", "GenericCollections\GenericCollections.csproj", "{23354F16-A4FA-4434-80B7-FD74DCCD076C}"
EndProject
Project("{FAE04EC0-301F-11D3-BF4B-00C04F79EFBC}") = "Homework-1", "Homework-1\Homework-1.csproj", "{0B1A319C-6D4C-494E-A203-895428812DE1}"
EndProject
Project("{FAE04EC0-301F-11D3-BF4B-00C04F79EFBC}") = "Homework-2", "Homework-2\Homework-2.csproj", "{B1DCF337-6D21-438D-9D5E-FE99A79FC808}"
EndProject
Global
	GlobalSection(SolutionConfigurationPlatforms) = preSolution
		Debug|Any CPU = Debug|Any CPU
		Release|Any CPU = Release|Any CPU
	EndGlobalSection
	GlobalSection(ProjectConfigurationPlatforms) = postSolution
		{23354F16-A4FA-4434-80B7-FD74DCCD076C}.Debug|Any CPU.ActiveCfg = Debug|Any CPU
		{23354F16-A4FA-4434-80B7-FD74DCCD076C}.Debug|Any CPU.Build.0 = Debug|Any CPU
		{23354F16-A4FA-4434-80B7-FD74DCCD076C}.Release|Any CPU.ActiveCfg = Release|Any CPU
		{23354F16-A4FA-4434-80B7-FD74DCCD076C}.Release|Any CPU.Build.0 = Release|Any CPU
		{0B1A319C-6D4C-494E-A203-895428812DE1}.Debug|Any CPU.ActiveCfg = Debug|Any CPU
		{0B1A319C-6D4C-494E-A203-895428812DE1}.Debug|Any CPU.Build.0 = Debug|Any CPU
		{0B1A319C-6D4C-494E-A203-895428812DE1}.Release|Any CPU.ActiveCfg = Release|Any CPU
		{0B1A319C-6D4C-494E-A203-895428812DE1}.Release|Any CPU.Build.0 = Release|Any CPU
		{B1DCF337-6D21-438D-9D5E-FE99A79FC808}.Debug|Any CPU.ActiveCfg = Debug|Any CPU
		{B1DCF337-6D21-438D-9D5E-FE99A79FC808}.Debug|Any CPU.Build.0 = Debug|Any CPU
		{B1DCF337-6D21-438D-9D5E-FE99A79FC808}.Release|Any CPU.ActiveCfg = Release|Any CPU
		{B1DCF337-6D21-438D-9D5E-FE99A79FC808}.Release|Any CPU.Build.0 = Release|Any CPU
	EndGlobalSection
	GlobalSection(SolutionProperties) = preSolution
		HideSolutionNode = FALSE
	EndGlobalSection
	GlobalSection(ExtensibilityGlobals) = postSolution
		SolutionGuid = {D2923BF4-D684-4E87-A5E6-CBA178BE04BA}
	EndGlobalSection
EndGlobal
